{
  "name": "businessCard",
  "version": "0.0.1",
  "lockfileVersion": 1,
  "requires": true,
  "dependencies": {
    "react-native-textinput-utils": {
      "version": "0.3.7",
      "resolved": "https://registry.npmjs.org/react-native-textinput-utils/-/react-native-textinput-utils-0.3.7.tgz",
      "integrity": "sha1-qXdq4LQqC/3T4fhjui49rbxTU4I="
    }
  }
}
